// !$*UTF8*$!
{
	archiveVersion = 1;
	classes = {
	};
	objectVersion = 46;
	objects = {

/* Begin PBXBuildFile section */
		CF5079311E61484F00A61D83 /* AppDelegate.swift in Sources */ = {isa = PBXBuildFile; fileRef = CF5079301E61484F00A61D83 /* AppDelegate.swift */; };
		CF5079331E61484F00A61D83 /* LiveController.swift in Sources */ = {isa = PBXBuildFile; fileRef = CF5079321E61484F00A61D83 /* LiveController.swift */; };
		CF5079351E61484F00A61D83 /* SecondViewController.swift in Sources */ = {isa = PBXBuildFile; fileRef = CF5079341E61484F00A61D83 /* SecondViewController.swift */; };
		CF5079381E61484F00A61D83 /* Main.storyboard in Resources */ = {isa = PBXBuildFile; fileRef = CF5079361E61484F00A61D83 /* Main.storyboard */; };
		CF50793A1E61484F00A61D83 /* Assets.xcassets in Resources */ = {isa = PBXBuildFile; fileRef = CF5079391E61484F00A61D83 /* Assets.xcassets */; };
		CF50793D1E61484F00A61D83 /* LaunchScreen.storyboard in Resources */ = {isa = PBXBuildFile; fileRef = CF50793B1E61484F00A61D83 /* LaunchScreen.storyboard */; };
		CF5079481E61484F00A61D83 /* BitBoxTests.swift in Sources */ = {isa = PBXBuildFile; fileRef = CF5079471E61484F00A61D83 /* BitBoxTests.swift */; };
		CF5079531E61484F00A61D83 /* BitBoxUITests.swift in Sources */ = {isa = PBXBuildFile; fileRef = CF5079521E61484F00A61D83 /* BitBoxUITests.swift */; };
		CF5079631E614EDB00A61D83 /* GraphView.swift in Sources */ = {isa = PBXBuildFile; fileRef = CF5079621E614EDB00A61D83 /* GraphView.swift */; };
		CF5079681E61D62200A61D83 /* Line Chart-30.png in Resources */ = {isa = PBXBuildFile; fileRef = CF5079671E61D62200A61D83 /* Line Chart-30.png */; };
		CF50796A1E61DADD00A61D83 /* PredictionGraphView.swift in Sources */ = {isa = PBXBuildFile; fileRef = CF5079691E61DADD00A61D83 /* PredictionGraphView.swift */; };
/* End PBXBuildFile section */

/* Begin PBXContainerItemProxy section */
		CF5079441E61484F00A61D83 /* PBXContainerItemProxy */ = {
			isa = PBXContainerItemProxy;
			containerPortal = CF5079251E61484F00A61D83 /* Project object */;
			proxyType = 1;
			remoteGlobalIDString = CF50792C1E61484F00A61D83;
			remoteInfo = BitBox;
		};
		CF50794F1E61484F00A61D83 /* PBXContainerItemProxy */ = {
			isa = PBXContainerItemProxy;
			containerPortal = CF5079251E61484F00A61D83 /* Project object */;
			proxyType = 1;
			remoteGlobalIDString = CF50792C1E61484F00A61D83;
			remoteInfo = BitBox;
		};
/* End PBXContainerItemProxy section */

/* Begin PBXFileReference section */
		CF50792D1E61484F00A61D83 /* BitBox.app */ = {isa = PBXFileReference; explicitFileType = wrapper.application; includeInIndex = 0; path = BitBox.app; sourceTree = BUILT_PRODUCTS_DIR; };
		CF5079301E61484F00A61D83 /* AppDelegate.swift */ = {isa = PBXFileReference; lastKnownFileType = sourcecode.swift; path = AppDelegate.swift; sourceTree = "<group>"; };
		CF5079321E61484F00A61D83 /* LiveController.swift */ = {isa = PBXFileReference; lastKnownFileType = sourcecode.swift; path = LiveController.swift; sourceTree = "<group>"; };
		CF5079341E61484F00A61D83 /* SecondViewController.swift */ = {isa = PBXFileReference; lastKnownFileType = sourcecode.swift; path = SecondViewController.swift; sourceTree = "<group>"; };
		CF5079371E61484F00A61D83 /* Base */ = {isa = PBXFileReference; lastKnownFileType = file.storyboard; name = Base; path = Base.lproj/Main.storyboard; sourceTree = "<group>"; };
		CF5079391E61484F00A61D83 /* Assets.xcassets */ = {isa = PBXFileReference; lastKnownFileType = folder.assetcatalog; path = Assets.xcassets; sourceTree = "<group>"; };
		CF50793C1E61484F00A61D83 /* Base */ = {isa = PBXFileReference; lastKnownFileType = file.storyboard; name = Base; path = Base.lproj/LaunchScreen.storyboard; sourceTree = "<group>"; };
		CF50793E1E61484F00A61D83 /* Info.plist */ = {isa = PBXFileReference; lastKnownFileType = text.plist.xml; path = Info.plist; sourceTree = "<group>"; };
		CF5079431E61484F00A61D83 /* BitBoxTests.xctest */ = {isa = PBXFileReference; explicitFileType = wrapper.cfbundle; includeInIndex = 0; path = BitBoxTests.xctest; sourceTree = BUILT_PRODUCTS_DIR; };
		CF5079471E61484F00A61D83 /* BitBoxTests.swift */ = {isa = PBXFileReference; lastKnownFileType = sourcecode.swift; path = BitBoxTests.swift; sourceTree = "<group>"; };
		CF5079491E61484F00A61D83 /* Info.plist */ = {isa = PBXFileReference; lastKnownFileType = text.plist.xml; path = Info.plist; sourceTree = "<group>"; };
		CF50794E1E61484F00A61D83 /* BitBoxUITests.xctest */ = {isa = PBXFileReference; explicitFileType = wrapper.cfbundle; includeInIndex = 0; path = BitBoxUITests.xctest; sourceTree = BUILT_PRODUCTS_DIR; };
		CF5079521E61484F00A61D83 /* BitBoxUITests.swift */ = {isa = PBXFileReference; lastKnownFileType = sourcecode.swift; path = BitBoxUITests.swift; sourceTree = "<group>"; };
		CF5079541E61484F00A61D83 /* Info.plist */ = {isa = PBXFileReference; lastKnownFileType = text.plist.xml; path = Info.plist; sourceTree = "<group>"; };
		CF5079621E614EDB00A61D83 /* GraphView.swift */ = {isa = PBXFileReference; fileEncoding = 4; lastKnownFileType = sourcecode.swift; path = GraphView.swift; sourceTree = "<group>"; };
		CF5079671E61D62200A61D83 /* Line Chart-30.png */ = {isa = PBXFileReference; lastKnownFileType = image.png; name = "Line Chart-30.png"; path = "../../../../../Downloads/Line Chart-30.png"; sourceTree = "<group>"; };
		CF5079691E61DADD00A61D83 /* PredictionGraphView.swift */ = {isa = PBXFileReference; fileEncoding = 4; lastKnownFileType = sourcecode.swift; path = PredictionGraphView.swift; sourceTree = "<group>"; };
/* End PBXFileReference section */

/* Begin PBXFrameworksBuildPhase section */
		CF50792A1E61484F00A61D83 /* Frameworks */ = {
			isa = PBXFrameworksBuildPhase;
			buildActionMask = 2147483647;
			files = (
			);
			runOnlyForDeploymentPostprocessing = 0;
		};
		CF5079401E61484F00A61D83 /* Frameworks */ = {
			isa = PBXFrameworksBuildPhase;
			buildActionMask = 2147483647;
			files = (
			);
			runOnlyForDeploymentPostprocessing = 0;
		};
		CF50794B1E61484F00A61D83 /* Frameworks */ = {
			isa = PBXFrameworksBuildPhase;
			buildActionMask = 2147483647;
			files = (
			);
			runOnlyForDeploymentPostprocessing = 0;
		};
/* End PBXFrameworksBuildPhase section */

/* Begin PBXGroup section */
		CF5079241E61484F00A61D83 = {
			isa = PBXGroup;
			children = (
				CF50792F1E61484F00A61D83 /* BitBox */,
				CF5079461E61484F00A61D83 /* BitBoxTests */,
				CF5079511E61484F00A61D83 /* BitBoxUITests */,
				CF50792E1E61484F00A61D83 /* Products */,
			);
			sourceTree = "<group>";
		};
		CF50792E1E61484F00A61D83 /* Products */ = {
			isa = PBXGroup;
			children = (
				CF50792D1E61484F00A61D83 /* BitBox.app */,
				CF5079431E61484F00A61D83 /* BitBoxTests.xctest */,
				CF50794E1E61484F00A61D83 /* BitBoxUITests.xctest */,
			);
			name = Products;
			sourceTree = "<group>";
		};
		CF50792F1E61484F00A61D83 /* BitBox */ = {
			isa = PBXGroup;
			children = (
				CF5079301E61484F00A61D83 /* AppDelegate.swift */,
				CF5079341E61484F00A61D83 /* SecondViewController.swift */,
				CF5079321E61484F00A61D83 /* LiveController.swift */,
				CF5079361E61484F00A61D83 /* Main.storyboard */,
				CF5079691E61DADD00A61D83 /* PredictionGraphView.swift */,
				CF5079621E614EDB00A61D83 /* GraphView.swift */,
				CF5079641E61D5A600A61D83 /* Resources */,
				CF5079391E61484F00A61D83 /* Assets.xcassets */,
				CF50793B1E61484F00A61D83 /* LaunchScreen.storyboard */,
				CF50793E1E61484F00A61D83 /* Info.plist */,
			);
			path = BitBox;
			sourceTree = "<group>";
		};
		CF5079461E61484F00A61D83 /* BitBoxTests */ = {
			isa = PBXGroup;
			children = (
				CF5079471E61484F00A61D83 /* BitBoxTests.swift */,
				CF5079491E61484F00A61D83 /* Info.plist */,
			);
			path = BitBoxTests;
			sourceTree = "<group>";
		};
		CF5079511E61484F00A61D83 /* BitBoxUITests */ = {
			isa = PBXGroup;
			children = (
				CF5079521E61484F00A61D83 /* BitBoxUITests.swift */,
				CF5079541E61484F00A61D83 /* Info.plist */,
			);
			path = BitBoxUITests;
			sourceTree = "<group>";
		};
		CF5079641E61D5A600A61D83 /* Resources */ = {
			isa = PBXGroup;
			children = (
				CF5079671E61D62200A61D83 /* Line Chart-30.png */,
			);
			name = Resources;
			sourceTree = "<group>";
		};
/* End PBXGroup section */

/* Begin PBXNativeTarget section */
		CF50792C1E61484F00A61D83 /* BitBox */ = {
			isa = PBXNativeTarget;
			buildConfigurationList = CF5079571E61484F00A61D83 /* Build configuration list for PBXNativeTarget "BitBox" */;
			buildPhases = (
				CF5079291E61484F00A61D83 /* Sources */,
				CF50792A1E61484F00A61D83 /* Frameworks */,
				CF50792B1E61484F00A61D83 /* Resources */,
			);
			buildRules = (
			);
			dependencies = (
			);
			name = BitBox;
			productName = BitBox;
			productReference = CF50792D1E61484F00A61D83 /* BitBox.app */;
			productType = "com.apple.product-type.application";
		};
		CF5079421E61484F00A61D83 /* BitBoxTests */ = {
			isa = PBXNativeTarget;
			buildConfigurationList = CF50795A1E61484F00A61D83 /* Build configuration list for PBXNativeTarget "BitBoxTests" */;
			buildPhases = (
				CF50793F1E61484F00A61D83 /* Sources */,
				CF5079401E61484F00A61D83 /* Frameworks */,
				CF5079411E61484F00A61D83 /* Resources */,
			);
			buildRules = (
			);
			dependencies = (
				CF5079451E61484F00A61D83 /* PBXTargetDependency */,
			);
			name = BitBoxTests;
			productName = BitBoxTests;
			productReference = CF5079431E61484F00A61D83 /* BitBoxTests.xctest */;
			productType = "com.apple.product-type.bundle.unit-test";
		};
		CF50794D1E61484F00A61D83 /* BitBoxUITests */ = {
			isa = PBXNativeTarget;
			buildConfigurationList = CF50795D1E61484F00A61D83 /* Build configuration list for PBXNativeTarget "BitBoxUITests" */;
			buildPhases = (
				CF50794A1E61484F00A61D83 /* Sources */,
				CF50794B1E61484F00A61D83 /* Frameworks */,
				CF50794C1E61484F00A61D83 /* Resources */,
			);
			buildRules = (
			);
			dependencies = (
				CF5079501E61484F00A61D83 /* PBXTargetDependency */,
			);
			name = BitBoxUITests;
			productName = BitBoxUITests;
			productReference = CF50794E1E61484F00A61D83 /* BitBoxUITests.xctest */;
			productType = "com.apple.product-type.bundle.ui-testing";
		};
/* End PBXNativeTarget section */

/* Begin PBXProject section */
		CF5079251E61484F00A61D83 /* Project object */ = {
			isa = PBXProject;
			attributes = {
				LastSwiftUpdateCheck = 0820;
				LastUpgradeCheck = 0820;
				ORGANIZATIONNAME = CoinTK;
				TargetAttributes = {
					CF50792C1E61484F00A61D83 = {
						CreatedOnToolsVersion = 8.2.1;
						ProvisioningStyle = Automatic;
					};
					CF5079421E61484F00A61D83 = {
						CreatedOnToolsVersion = 8.2.1;
						ProvisioningStyle = Automatic;
						TestTargetID = CF50792C1E61484F00A61D83;
					};
					CF50794D1E61484F00A61D83 = {
						CreatedOnToolsVersion = 8.2.1;
						ProvisioningStyle = Automatic;
						TestTargetID = CF50792C1E61484F00A61D83;
					};
				};
			};
			buildConfigurationList = CF5079281E61484F00A61D83 /* Build configuration list for PBXProject "BitBox" */;
			compatibilityVersion = "Xcode 3.2";
			developmentRegion = English;
			hasScannedForEncodings = 0;
			knownRegions = (
				en,
				Base,
			);
			mainGroup = CF5079241E61484F00A61D83;
			productRefGroup = CF50792E1E61484F00A61D83 /* Products */;
			projectDirPath = "";
			projectRoot = "";
			targets = (
				CF50792C1E61484F00A61D83 /* BitBox */,
				CF5079421E61484F00A61D83 /* BitBoxTests */,
				CF50794D1E61484F00A61D83 /* BitBoxUITests */,
			);
		};
/* End PBXProject section */

/* Begin PBXResourcesBuildPhase section */
		CF50792B1E61484F00A61D83 /* Resources */ = {
			isa = PBXResourcesBuildPhase;
			buildActionMask = 2147483647;
			files = (
				CF50793D1E61484F00A61D83 /* LaunchScreen.storyboard in Resources */,
				CF50793A1E61484F00A61D83 /* Assets.xcassets in Resources */,
				CF5079681E61D62200A61D83 /* Line Chart-30.png in Resources */,
				CF5079381E61484F00A61D83 /* Main.storyboard in Resources */,
			);
			runOnlyForDeploymentPostprocessing = 0;
		};
		CF5079411E61484F00A61D83 /* Resources */ = {
			isa = PBXResourcesBuildPhase;
			buildActionMask = 2147483647;
			files = (
			);
			runOnlyForDeploymentPostprocessing = 0;
		};
		CF50794C1E61484F00A61D83 /* Resources */ = {
			isa = PBXResourcesBuildPhase;
			buildActionMask = 2147483647;
			files = (
			);
			runOnlyForDeploymentPostprocessing = 0;
		};
/* End PBXResourcesBuildPhase section */

/* Begin PBXSourcesBuildPhase section */
		CF5079291E61484F00A61D83 /* Sources */ = {
			isa = PBXSourcesBuildPhase;
			buildActionMask = 2147483647;
			files = (
				CF5079631E614EDB00A61D83 /* GraphView.swift in Sources */,
				CF5079351E61484F00A61D83 /* SecondViewController.swift in Sources */,
				CF5079311E61484F00A61D83 /* AppDelegate.swift in Sources */,
				CF5079331E61484F00A61D83 /* LiveController.swift in Sources */,
				CF50796A1E61DADD00A61D83 /* PredictionGraphView.swift in Sources */,
			);
			runOnlyForDeploymentPostprocessing = 0;
		};
		CF50793F1E61484F00A61D83 /* Sources */ = {
			isa = PBXSourcesBuildPhase;
			buildActionMask = 2147483647;
			files = (
				CF5079481E61484F00A61D83 /* BitBoxTests.swift in Sources */,
			);
			runOnlyForDeploymentPostprocessing = 0;
		};
		CF50794A1E61484F00A61D83 /* Sources */ = {
			isa = PBXSourcesBuildPhase;
			buildActionMask = 2147483647;
			files = (
				CF5079531E61484F00A61D83 /* BitBoxUITests.swift in Sources */,
			);
			runOnlyForDeploymentPostprocessing = 0;
		};
/* End PBXSourcesBuildPhase section */

/* Begin PBXTargetDependency section */
		CF5079451E61484F00A61D83 /* PBXTargetDependency */ = {
			isa = PBXTargetDependency;
			target = CF50792C1E61484F00A61D83 /* BitBox */;
			targetProxy = CF5079441E61484F00A61D83 /* PBXContainerItemProxy */;
		};
		CF5079501E61484F00A61D83 /* PBXTargetDependency */ = {
			isa = PBXTargetDependency;
			target = CF50792C1E61484F00A61D83 /* BitBox */;
			targetProxy = CF50794F1E61484F00A61D83 /* PBXContainerItemProxy */;
		};
/* End PBXTargetDependency section */

/* Begin PBXVariantGroup section */
		CF5079361E61484F00A61D83 /* Main.storyboard */ = {
			isa = PBXVariantGroup;
			children = (
				CF5079371E61484F00A61D83 /* Base */,
			);
			name = Main.storyboard;
			sourceTree = "<group>";
		};
		CF50793B1E61484F00A61D83 /* LaunchScreen.storyboard */ = {
			isa = PBXVariantGroup;
			children = (
				CF50793C1E61484F00A61D83 /* Base */,
			);
			name = LaunchScreen.storyboard;
			sourceTree = "<group>";
		};
/* End PBXVariantGroup section */

/* Begin XCBuildConfiguration section */
		CF5079551E61484F00A61D83 /* Debug */ = {
			isa = XCBuildConfiguration;
			buildSettings = {
				ALWAYS_SEARCH_USER_PATHS = NO;
				CLANG_ANALYZER_NONNULL = YES;
				CLANG_CXX_LANGUAGE_STANDARD = "gnu++0x";
				CLANG_CXX_LIBRARY = "libc++";
				CLANG_ENABLE_MODULES = YES;
				CLANG_ENABLE_OBJC_ARC = YES;
				CLANG_WARN_BOOL_CONVERSION = YES;
				CLANG_WARN_CONSTANT_CONVERSION = YES;
				CLANG_WARN_DIRECT_OBJC_ISA_USAGE = YES_ERROR;
				CLANG_WARN_DOCUMENTATION_COMMENTS = YES;
				CLANG_WARN_EMPTY_BODY = YES;
				CLANG_WARN_ENUM_CONVERSION = YES;
				CLANG_WARN_INFINITE_RECURSION = YES;
				CLANG_WARN_INT_CONVERSION = YES;
				CLANG_WARN_OBJC_ROOT_CLASS = YES_ERROR;
				CLANG_WARN_SUSPICIOUS_MOVE = YES;
				CLANG_WARN_UNREACHABLE_CODE = YES;
				CLANG_WARN__DUPLICATE_METHOD_MATCH = YES;
				"CODE_SIGN_IDENTITY[sdk=iphoneos*]" = "iPhone Developer";
				COPY_PHASE_STRIP = NO;
				DEBUG_INFORMATION_FORMAT = dwarf;
				ENABLE_STRICT_OBJC_MSGSEND = YES;
				ENABLE_TESTABILITY = YES;
				GCC_C_LANGUAGE_STANDARD = gnu99;
				GCC_DYNAMIC_NO_PIC = NO;
				GCC_NO_COMMON_BLOCKS = YES;
				GCC_OPTIMIZATION_LEVEL = 0;
				GCC_PREPROCESSOR_DEFINITIONS = (
					"DEBUG=1",
					"$(inherited)",
				);
				GCC_WARN_64_TO_32_BIT_CONVERSION = YES;
				GCC_WARN_ABOUT_RETURN_TYPE = YES_ERROR;
				GCC_WARN_UNDECLARED_SELECTOR = YES;
				GCC_WARN_UNINITIALIZED_AUTOS = YES_AGGRESSIVE;
				GCC_WARN_UNUSED_FUNCTION = YES;
				GCC_WARN_UNUSED_VARIABLE = YES;
				IPHONEOS_DEPLOYMENT_TARGET = 10.2;
				MTL_ENABLE_DEBUG_INFO = YES;
				ONLY_ACTIVE_ARCH = YES;
				SDKROOT = iphoneos;
				SWIFT_ACTIVE_COMPILATION_CONDITIONS = DEBUG;
				SWIFT_OPTIMIZATION_LEVEL = "-Onone";
				TARGETED_DEVICE_FAMILY = "1,2";
			};
			name = Debug;
		};
		CF5079561E61484F00A61D83 /* Release */ = {
			isa = XCBuildConfiguration;
			buildSettings = {
				ALWAYS_SEARCH_USER_PATHS = NO;
				CLANG_ANALYZER_NONNULL = YES;
				CLANG_CXX_LANGUAGE_STANDARD = "gnu++0x";
				CLANG_CXX_LIBRARY = "libc++";
				CLANG_ENABLE_MODULES = YES;
				CLANG_ENABLE_OBJC_ARC = YES;
				CLANG_WARN_BOOL_CONVERSION = YES;
				CLANG_WARN_CONSTANT_CONVERSION = YES;
				CLANG_WARN_DIRECT_OBJC_ISA_USAGE = YES_ERROR;
				CLANG_WARN_DOCUMENTATION_COMMENTS = YES;
				CLANG_WARN_EMPTY_BODY = YES;
				CLANG_WARN_ENUM_CONVERSION = YES;
				CLANG_WARN_INFINITE_RECURSION = YES;
				CLANG_WARN_INT_CONVERSION = YES;
				CLANG_WARN_OBJC_ROOT_CLASS = YES_ERROR;
				CLANG_WARN_SUSPICIOUS_MOVE = YES;
				CLANG_WARN_UNREACHABLE_CODE = YES;
				CLANG_WARN__DUPLICATE_METHOD_MATCH = YES;
				"CODE_SIGN_IDENTITY[sdk=iphoneos*]" = "iPhone Developer";
				COPY_PHASE_STRIP = NO;
				DEBUG_INFORMATION_FORMAT = "dwarf-with-dsym";
				ENABLE_NS_ASSERTIONS = NO;
				ENABLE_STRICT_OBJC_MSGSEND = YES;
				GCC_C_LANGUAGE_STANDARD = gnu99;
				GCC_NO_COMMON_BLOCKS = YES;
				GCC_WARN_64_TO_32_BIT_CONVERSION = YES;
				GCC_WARN_ABOUT_RETURN_TYPE = YES_ERROR;
				GCC_WARN_UNDECLARED_SELECTOR = YES;
				GCC_WARN_UNINITIALIZED_AUTOS = YES_AGGRESSIVE;
				GCC_WARN_UNUSED_FUNCTION = YES;
				GCC_WARN_UNUSED_VARIABLE = YES;
				IPHONEOS_DEPLOYMENT_TARGET = 10.2;
				MTL_ENABLE_DEBUG_INFO = NO;
				SDKROOT = iphoneos;
				SWIFT_OPTIMIZATION_LEVEL = "-Owholemodule";
				TARGETED_DEVICE_FAMILY = "1,2";
				VALIDATE_PRODUCT = YES;
			};
			name = Release;
		};
		CF5079581E61484F00A61D83 /* Debug */ = {
			isa = XCBuildConfiguration;
			buildSettings = {
				ASSETCATALOG_COMPILER_APPICON_NAME = AppIcon;
				INFOPLIST_FILE = BitBox/Info.plist;
				LD_RUNPATH_SEARCH_PATHS = "$(inherited) @executable_path/Frameworks";
				PRODUCT_BUNDLE_IDENTIFIER = CoinTK.BitBox;
				PRODUCT_NAME = "$(TARGET_NAME)";
				SWIFT_VERSION = 3.0;
			};
			name = Debug;
		};
		CF5079591E61484F00A61D83 /* Release */ = {
			isa = XCBuildConfiguration;
			buildSettings = {
				ASSETCATALOG_COMPILER_APPICON_NAME = AppIcon;
				INFOPLIST_FILE = BitBox/Info.plist;
				LD_RUNPATH_SEARCH_PATHS = "$(inherited) @executable_path/Frameworks";
				PRODUCT_BUNDLE_IDENTIFIER = CoinTK.BitBox;
				PRODUCT_NAME = "$(TARGET_NAME)";
				SWIFT_VERSION = 3.0;
			};
			name = Release;
		};
		CF50795B1E61484F00A61D83 /* Debug */ = {
			isa = XCBuildConfiguration;
			buildSettings = {
				ALWAYS_EMBED_SWIFT_STANDARD_LIBRARIES = YES;
				BUNDLE_LOADER = "$(TEST_HOST)";
				INFOPLIST_FILE = BitBoxTests/Info.plist;
				LD_RUNPATH_SEARCH_PATHS = "$(inherited) @executable_path/Frameworks @loader_path/Frameworks";
				PRODUCT_BUNDLE_IDENTIFIER = CoinTK.BitBoxTests;
				PRODUCT_NAME = "$(TARGET_NAME)";
				SWIFT_VERSION = 3.0;
				TEST_HOST = "$(BUILT_PRODUCTS_DIR)/BitBox.app/BitBox";
			};
			name = Debug;
		};
		CF50795C1E61484F00A61D83 /* Release */ = {
			isa = XCBuildConfiguration;
			buildSettings = {
				ALWAYS_EMBED_SWIFT_STANDARD_LIBRARIES = YES;
				BUNDLE_LOADER = "$(TEST_HOST)";
				INFOPLIST_FILE = BitBoxTests/Info.plist;
				LD_RUNPATH_SEARCH_PATHS = "$(inherited) @executable_path/Frameworks @loader_path/Frameworks";
				PRODUCT_BUNDLE_IDENTIFIER = CoinTK.BitBoxTests;
				PRODUCT_NAME = "$(TARGET_NAME)";
				SWIFT_VERSION = 3.0;
				TEST_HOST = "$(BUILT_PRODUCTS_DIR)/BitBox.app/BitBox";
			};
			name = Release;
		};
		CF50795E1E61484F00A61D83 /* Debug */ = {
			isa = XCBuildConfiguration;
			buildSettings = {
				ALWAYS_EMBED_SWIFT_STANDARD_LIBRARIES = YES;
				INFOPLIST_FILE = BitBoxUITests/Info.plist;
				LD_RUNPATH_SEARCH_PATHS = "$(inherited) @executable_path/Frameworks @loader_path/Frameworks";
				PRODUCT_BUNDLE_IDENTIFIER = CoinTK.BitBoxUITests;
				PRODUCT_NAME = "$(TARGET_NAME)";
				SWIFT_VERSION = 3.0;
				TEST_TARGET_NAME = BitBox;
			};
			name = Debug;
		};
		CF50795F1E61484F00A61D83 /* Release */ = {
			isa = XCBuildConfiguration;
			buildSettings = {
				ALWAYS_EMBED_SWIFT_STANDARD_LIBRARIES = YES;
				INFOPLIST_FILE = BitBoxUITests/Info.plist;
				LD_RUNPATH_SEARCH_PATHS = "$(inherited) @executable_path/Frameworks @loader_path/Frameworks";
				PRODUCT_BUNDLE_IDENTIFIER = CoinTK.BitBoxUITests;
				PRODUCT_NAME = "$(TARGET_NAME)";
				SWIFT_VERSION = 3.0;
				TEST_TARGET_NAME = BitBox;
			};
			name = Release;
		};
/* End XCBuildConfiguration section */

/* Begin XCConfigurationList section */
		CF5079281E61484F00A61D83 /* Build configuration list for PBXProject "BitBox" */ = {
			isa = XCConfigurationList;
			buildConfigurations = (
				CF5079551E61484F00A61D83 /* Debug */,
				CF5079561E61484F00A61D83 /* Release */,
			);
			defaultConfigurationIsVisible = 0;
			defaultConfigurationName = Release;
		};
		CF5079571E61484F00A61D83 /* Build configuration list for PBXNativeTarget "BitBox" */ = {
			isa = XCConfigurationList;
			buildConfigurations = (
				CF5079581E61484F00A61D83 /* Debug */,
				CF5079591E61484F00A61D83 /* Release */,
			);
			defaultConfigurationIsVisible = 0;
			defaultConfigurationName = Release;
		};
		CF50795A1E61484F00A61D83 /* Build configuration list for PBXNativeTarget "BitBoxTests" */ = {
			isa = XCConfigurationList;
			buildConfigurations = (
				CF50795B1E61484F00A61D83 /* Debug */,
				CF50795C1E61484F00A61D83 /* Release */,
			);
			defaultConfigurationIsVisible = 0;
			defaultConfigurationName = Release;
		};
		CF50795D1E61484F00A61D83 /* Build configuration list for PBXNativeTarget "BitBoxUITests" */ = {
			isa = XCConfigurationList;
			buildConfigurations = (
				CF50795E1E61484F00A61D83 /* Debug */,
				CF50795F1E61484F00A61D83 /* Release */,
			);
			defaultConfigurationIsVisible = 0;
			defaultConfigurationName = Release;
		};
/* End XCConfigurationList section */
	};
	rootObject = CF5079251E61484F00A61D83 /* Project object */;
}
